
Microsoft Visual Studio Solution File, Format Version 12.00
# Visual Studio Version 17
VisualStudioVersion = 17.7.34031.279
MinimumVisualStudioVersion = 10.0.40219.1
Project("{FAE04EC0-301F-11D3-BF4B-00C04F79EFBC}") = "Practica 14", "Practica 14.csproj", "{32563185-2176-460D-BE0A-64D91D80D154}"
EndProject
Global
	GlobalSection(SolutionConfigurationPlatforms) = preSolution
		Debug|Any CPU = Debug|Any CPU
		Release|Any CPU = Release|Any CPU
	EndGlobalSection
	GlobalSection(ProjectConfigurationPlatforms) = postSolution
		{32563185-2176-460D-BE0A-64D91D80D154}.Debug|Any CPU.ActiveCfg = Debug|Any CPU
		{32563185-2176-460D-BE0A-64D91D80D154}.Debug|Any CPU.Build.0 = Debug|Any CPU
		{32563185-2176-460D-BE0A-64D91D80D154}.Release|Any CPU.ActiveCfg = Release|Any CPU
		{32563185-2176-460D-BE0A-64D91D80D154}.Release|Any CPU.Build.0 = Release|Any CPU
	EndGlobalSection
	GlobalSection(SolutionProperties) = preSolution
		HideSolutionNode = FALSE
	EndGlobalSection
	GlobalSection(ExtensibilityGlobals) = postSolution
		SolutionGuid = {D0032501-1864-4AF7-893D-6C36C9A95D06}
	EndGlobalSection
EndGlobal
